// !$*UTF8*$!
{
	archiveVersion = 1;
	classes = {
	};
	objectVersion = 56;
	objects = {

/* Begin PBXBuildFile section */
		096743642AFED9C400F370B3 /* OrangeNode.swift in Sources */ = {isa = PBXBuildFile; fileRef = 0967435D2AFED9C400F370B3 /* OrangeNode.swift */; };
		096743652AFED9C400F370B3 /* DropNode.swift in Sources */ = {isa = PBXBuildFile; fileRef = 0967435E2AFED9C400F370B3 /* DropNode.swift */; };
		096743672AFED9C400F370B3 /* CowNode.swift in Sources */ = {isa = PBXBuildFile; fileRef = 096743602AFED9C400F370B3 /* CowNode.swift */; };
		096743682AFED9C400F370B3 /* AppleNode.swift in Sources */ = {isa = PBXBuildFile; fileRef = 096743612AFED9C400F370B3 /* AppleNode.swift */; };
		096743692AFED9C400F370B3 /* MilkNode.swift in Sources */ = {isa = PBXBuildFile; fileRef = 096743622AFED9C400F370B3 /* MilkNode.swift */; };
		0967436A2AFED9C400F370B3 /* BananaNode.swift in Sources */ = {isa = PBXBuildFile; fileRef = 096743632AFED9C400F370B3 /* BananaNode.swift */; };
		0967436D2AFEDD4800F370B3 /* BearNode.swift in Sources */ = {isa = PBXBuildFile; fileRef = 0967436B2AFEDD4800F370B3 /* BearNode.swift */; };
		0967436E2AFEDD4800F370B3 /* ChickenNode.swift in Sources */ = {isa = PBXBuildFile; fileRef = 0967436C2AFEDD4800F370B3 /* ChickenNode.swift */; };
		351050052AFFA0CC00ED0DEC /* asking_help_jog.mp4 in Resources */ = {isa = PBXBuildFile; fileRef = 351050042AFFA0CC00ED0DEC /* asking_help_jog.mp4 */; };
		351050072AFFA0EC00ED0DEC /* AskingHelpView.swift in Sources */ = {isa = PBXBuildFile; fileRef = 351050062AFFA0EC00ED0DEC /* AskingHelpView.swift */; };
		35508FDD2AFF7D73007AB40F /* call_from_jog.mp4 in Resources */ = {isa = PBXBuildFile; fileRef = 35508FDC2AFF7D73007AB40F /* call_from_jog.mp4 */; };
		355538CC2AFE3C3500E29111 /* MSGApp.swift in Sources */ = {isa = PBXBuildFile; fileRef = 355538CB2AFE3C3500E29111 /* MSGApp.swift */; };
		355538CE2AFE3C3500E29111 /* SquatView.swift in Sources */ = {isa = PBXBuildFile; fileRef = 355538CD2AFE3C3500E29111 /* SquatView.swift */; };
		355538D02AFE3C3600E29111 /* Assets.xcassets in Resources */ = {isa = PBXBuildFile; fileRef = 355538CF2AFE3C3600E29111 /* Assets.xcassets */; };
		355538DA2AFE43F800E29111 /* MilkContainer.swift in Sources */ = {isa = PBXBuildFile; fileRef = 355538D92AFE43F800E29111 /* MilkContainer.swift */; };
		358C65102AFFD09B00A8166A /* tutorial_3.mp4 in Resources */ = {isa = PBXBuildFile; fileRef = 358C650D2AFFD09B00A8166A /* tutorial_3.mp4 */; };
		358C65112AFFD09B00A8166A /* tutorial_1.mp4 in Resources */ = {isa = PBXBuildFile; fileRef = 358C650E2AFFD09B00A8166A /* tutorial_1.mp4 */; };
		358C65122AFFD09B00A8166A /* tutorial_2.mp4 in Resources */ = {isa = PBXBuildFile; fileRef = 358C650F2AFFD09B00A8166A /* tutorial_2.mp4 */; };
		358C65142AFFD61D00A8166A /* JumpView.swift in Sources */ = {isa = PBXBuildFile; fileRef = 358C65132AFFD61D00A8166A /* JumpView.swift */; };
		358C65162AFFD68F00A8166A /* BoxingView.swift in Sources */ = {isa = PBXBuildFile; fileRef = 358C65152AFFD68F00A8166A /* BoxingView.swift */; };
		358C65182AFFD6BA00A8166A /* FruitContainer.swift in Sources */ = {isa = PBXBuildFile; fileRef = 358C65172AFFD6BA00A8166A /* FruitContainer.swift */; };
		358C651A2AFFD6DD00A8166A /* WaterContainer.swift in Sources */ = {isa = PBXBuildFile; fileRef = 358C65192AFFD6DD00A8166A /* WaterContainer.swift */; };
		3598B0382AFFA2850014F9CE /* ding.mp3 in Resources */ = {isa = PBXBuildFile; fileRef = 3598B0372AFFA2850014F9CE /* ding.mp3 */; };
		3598B03A2AFFA9540014F9CE /* LoadingView.swift in Sources */ = {isa = PBXBuildFile; fileRef = 3598B0392AFFA9540014F9CE /* LoadingView.swift */; };
		3598B03E2AFFBCF00014F9CE /* challenge_complete.mp3 in Resources */ = {isa = PBXBuildFile; fileRef = 3598B03D2AFFBCF00014F9CE /* challenge_complete.mp3 */; };
		3598B0432AFFBD540014F9CE /* education_3.mp4 in Resources */ = {isa = PBXBuildFile; fileRef = 3598B03F2AFFBD540014F9CE /* education_3.mp4 */; };
		3598B0442AFFBD540014F9CE /* education_1.mp4 in Resources */ = {isa = PBXBuildFile; fileRef = 3598B0402AFFBD540014F9CE /* education_1.mp4 */; };
		3598B0452AFFBD540014F9CE /* education_2.mp4 in Resources */ = {isa = PBXBuildFile; fileRef = 3598B0412AFFBD540014F9CE /* education_2.mp4 */; };
		3598B0462AFFBD540014F9CE /* safety.mp4 in Resources */ = {isa = PBXBuildFile; fileRef = 3598B0422AFFBD540014F9CE /* safety.mp4 */; };
		3598B0482AFFBD8A0014F9CE /* EducationVideoView.swift in Sources */ = {isa = PBXBuildFile; fileRef = 3598B0472AFFBD8A0014F9CE /* EducationVideoView.swift */; };
		35B52A0A2AFF503400FA41D8 /* CommunityView.swift in Sources */ = {isa = PBXBuildFile; fileRef = 35B52A092AFF503400FA41D8 /* CommunityView.swift */; };
		35B52A0D2AFF5A4600FA41D8 /* CallingView.swift in Sources */ = {isa = PBXBuildFile; fileRef = 35B52A0C2AFF5A4600FA41D8 /* CallingView.swift */; };
		573AD3C22AFEB4B500FA3D5C /* ChallengeListView.swift in Sources */ = {isa = PBXBuildFile; fileRef = 573AD3C12AFEB4B500FA3D5C /* ChallengeListView.swift */; };
		573AD3C42AFEB79300FA3D5C /* ShopView.swift in Sources */ = {isa = PBXBuildFile; fileRef = 573AD3C32AFEB79300FA3D5C /* ShopView.swift */; };
		573AD3C62AFEB96200FA3D5C /* HomeView.swift in Sources */ = {isa = PBXBuildFile; fileRef = 573AD3C52AFEB96200FA3D5C /* HomeView.swift */; };
		573AD3C82AFEB99200FA3D5C /* MainView.swift in Sources */ = {isa = PBXBuildFile; fileRef = 573AD3C72AFEB99200FA3D5C /* MainView.swift */; };
		573AD3CA2AFEB9D700FA3D5C /* CharacterView.swift in Sources */ = {isa = PBXBuildFile; fileRef = 573AD3C92AFEB9D700FA3D5C /* CharacterView.swift */; };
		573AD3D02AFEBF5500FA3D5C /* ChooseYourCharacterView.swift in Sources */ = {isa = PBXBuildFile; fileRef = 573AD3CF2AFEBF5500FA3D5C /* ChooseYourCharacterView.swift */; };
		575B74E62AFEA96F0089493B /* SceneKit Asset Catalog.scnassets in Resources */ = {isa = PBXBuildFile; fileRef = 575B74E52AFEA96F0089493B /* SceneKit Asset Catalog.scnassets */; };
		57E0C5E62AFEE6F6000A6CFC /* EducationDialogItem.swift in Sources */ = {isa = PBXBuildFile; fileRef = 57E0C5E52AFEE6F6000A6CFC /* EducationDialogItem.swift */; };
		57E0C5E82AFEE873000A6CFC /* EducationalView.swift in Sources */ = {isa = PBXBuildFile; fileRef = 57E0C5E72AFEE873000A6CFC /* EducationalView.swift */; };
/* End PBXBuildFile section */

/* Begin PBXFileReference section */
		0967435D2AFED9C400F370B3 /* OrangeNode.swift */ = {isa = PBXFileReference; fileEncoding = 4; lastKnownFileType = sourcecode.swift; path = OrangeNode.swift; sourceTree = "<group>"; };
		0967435E2AFED9C400F370B3 /* DropNode.swift */ = {isa = PBXFileReference; fileEncoding = 4; lastKnownFileType = sourcecode.swift; path = DropNode.swift; sourceTree = "<group>"; };
		096743602AFED9C400F370B3 /* CowNode.swift */ = {isa = PBXFileReference; fileEncoding = 4; lastKnownFileType = sourcecode.swift; path = CowNode.swift; sourceTree = "<group>"; };
		096743612AFED9C400F370B3 /* AppleNode.swift */ = {isa = PBXFileReference; fileEncoding = 4; lastKnownFileType = sourcecode.swift; path = AppleNode.swift; sourceTree = "<group>"; };
		096743622AFED9C400F370B3 /* MilkNode.swift */ = {isa = PBXFileReference; fileEncoding = 4; lastKnownFileType = sourcecode.swift; path = MilkNode.swift; sourceTree = "<group>"; };
		096743632AFED9C400F370B3 /* BananaNode.swift */ = {isa = PBXFileReference; fileEncoding = 4; lastKnownFileType = sourcecode.swift; path = BananaNode.swift; sourceTree = "<group>"; };
		0967436B2AFEDD4800F370B3 /* BearNode.swift */ = {isa = PBXFileReference; fileEncoding = 4; lastKnownFileType = sourcecode.swift; path = BearNode.swift; sourceTree = "<group>"; };
		0967436C2AFEDD4800F370B3 /* ChickenNode.swift */ = {isa = PBXFileReference; fileEncoding = 4; lastKnownFileType = sourcecode.swift; path = ChickenNode.swift; sourceTree = "<group>"; };
		351050042AFFA0CC00ED0DEC /* asking_help_jog.mp4 */ = {isa = PBXFileReference; lastKnownFileType = file; path = asking_help_jog.mp4; sourceTree = "<group>"; };
		351050062AFFA0EC00ED0DEC /* AskingHelpView.swift */ = {isa = PBXFileReference; lastKnownFileType = sourcecode.swift; path = AskingHelpView.swift; sourceTree = "<group>"; };
		35508FDC2AFF7D73007AB40F /* call_from_jog.mp4 */ = {isa = PBXFileReference; lastKnownFileType = file; path = call_from_jog.mp4; sourceTree = "<group>"; };
		355538C82AFE3C3500E29111 /* MSG.app */ = {isa = PBXFileReference; explicitFileType = wrapper.application; includeInIndex = 0; path = MSG.app; sourceTree = BUILT_PRODUCTS_DIR; };
		355538CB2AFE3C3500E29111 /* MSGApp.swift */ = {isa = PBXFileReference; lastKnownFileType = sourcecode.swift; path = MSGApp.swift; sourceTree = "<group>"; };
		355538CD2AFE3C3500E29111 /* SquatView.swift */ = {isa = PBXFileReference; lastKnownFileType = sourcecode.swift; path = SquatView.swift; sourceTree = "<group>"; };
		355538CF2AFE3C3600E29111 /* Assets.xcassets */ = {isa = PBXFileReference; lastKnownFileType = folder.assetcatalog; path = Assets.xcassets; sourceTree = "<group>"; };
		355538D92AFE43F800E29111 /* MilkContainer.swift */ = {isa = PBXFileReference; lastKnownFileType = sourcecode.swift; path = MilkContainer.swift; sourceTree = "<group>"; };
		358C650D2AFFD09B00A8166A /* tutorial_3.mp4 */ = {isa = PBXFileReference; lastKnownFileType = file; path = tutorial_3.mp4; sourceTree = "<group>"; };
		358C650E2AFFD09B00A8166A /* tutorial_1.mp4 */ = {isa = PBXFileReference; lastKnownFileType = file; path = tutorial_1.mp4; sourceTree = "<group>"; };
		358C650F2AFFD09B00A8166A /* tutorial_2.mp4 */ = {isa = PBXFileReference; lastKnownFileType = file; path = tutorial_2.mp4; sourceTree = "<group>"; };
		358C65132AFFD61D00A8166A /* JumpView.swift */ = {isa = PBXFileReference; lastKnownFileType = sourcecode.swift; path = JumpView.swift; sourceTree = "<group>"; };
		358C65152AFFD68F00A8166A /* BoxingView.swift */ = {isa = PBXFileReference; lastKnownFileType = sourcecode.swift; path = BoxingView.swift; sourceTree = "<group>"; };
		358C65172AFFD6BA00A8166A /* FruitContainer.swift */ = {isa = PBXFileReference; lastKnownFileType = sourcecode.swift; path = FruitContainer.swift; sourceTree = "<group>"; };
		358C65192AFFD6DD00A8166A /* WaterContainer.swift */ = {isa = PBXFileReference; lastKnownFileType = sourcecode.swift; path = WaterContainer.swift; sourceTree = "<group>"; };
		3598B0372AFFA2850014F9CE /* ding.mp3 */ = {isa = PBXFileReference; lastKnownFileType = audio.mp3; path = ding.mp3; sourceTree = "<group>"; };
		3598B0392AFFA9540014F9CE /* LoadingView.swift */ = {isa = PBXFileReference; lastKnownFileType = sourcecode.swift; path = LoadingView.swift; sourceTree = "<group>"; };
		3598B03D2AFFBCF00014F9CE /* challenge_complete.mp3 */ = {isa = PBXFileReference; lastKnownFileType = audio.mp3; path = challenge_complete.mp3; sourceTree = "<group>"; };
		3598B03F2AFFBD540014F9CE /* education_3.mp4 */ = {isa = PBXFileReference; lastKnownFileType = file; path = education_3.mp4; sourceTree = "<group>"; };
		3598B0402AFFBD540014F9CE /* education_1.mp4 */ = {isa = PBXFileReference; lastKnownFileType = file; path = education_1.mp4; sourceTree = "<group>"; };
		3598B0412AFFBD540014F9CE /* education_2.mp4 */ = {isa = PBXFileReference; lastKnownFileType = file; path = education_2.mp4; sourceTree = "<group>"; };
		3598B0422AFFBD540014F9CE /* safety.mp4 */ = {isa = PBXFileReference; lastKnownFileType = file; path = safety.mp4; sourceTree = "<group>"; };
		3598B0472AFFBD8A0014F9CE /* EducationVideoView.swift */ = {isa = PBXFileReference; lastKnownFileType = sourcecode.swift; path = EducationVideoView.swift; sourceTree = "<group>"; };
		35B52A092AFF503400FA41D8 /* CommunityView.swift */ = {isa = PBXFileReference; lastKnownFileType = sourcecode.swift; path = CommunityView.swift; sourceTree = "<group>"; };
		35B52A0C2AFF5A4600FA41D8 /* CallingView.swift */ = {isa = PBXFileReference; lastKnownFileType = sourcecode.swift; path = CallingView.swift; sourceTree = "<group>"; };
		573AD3C12AFEB4B500FA3D5C /* ChallengeListView.swift */ = {isa = PBXFileReference; lastKnownFileType = sourcecode.swift; path = ChallengeListView.swift; sourceTree = "<group>"; };
		573AD3C32AFEB79300FA3D5C /* ShopView.swift */ = {isa = PBXFileReference; lastKnownFileType = sourcecode.swift; path = ShopView.swift; sourceTree = "<group>"; };
		573AD3C52AFEB96200FA3D5C /* HomeView.swift */ = {isa = PBXFileReference; lastKnownFileType = sourcecode.swift; path = HomeView.swift; sourceTree = "<group>"; };
		573AD3C72AFEB99200FA3D5C /* MainView.swift */ = {isa = PBXFileReference; lastKnownFileType = sourcecode.swift; path = MainView.swift; sourceTree = "<group>"; };
		573AD3C92AFEB9D700FA3D5C /* CharacterView.swift */ = {isa = PBXFileReference; lastKnownFileType = sourcecode.swift; path = CharacterView.swift; sourceTree = "<group>"; };
		573AD3CF2AFEBF5500FA3D5C /* ChooseYourCharacterView.swift */ = {isa = PBXFileReference; lastKnownFileType = sourcecode.swift; path = ChooseYourCharacterView.swift; sourceTree = "<group>"; };
		575B74E52AFEA96F0089493B /* SceneKit Asset Catalog.scnassets */ = {isa = PBXFileReference; lastKnownFileType = wrapper.scnassets; path = "SceneKit Asset Catalog.scnassets"; sourceTree = "<group>"; };
		57E0C5E52AFEE6F6000A6CFC /* EducationDialogItem.swift */ = {isa = PBXFileReference; lastKnownFileType = sourcecode.swift; path = EducationDialogItem.swift; sourceTree = "<group>"; };
		57E0C5E72AFEE873000A6CFC /* EducationalView.swift */ = {isa = PBXFileReference; lastKnownFileType = sourcecode.swift; path = EducationalView.swift; sourceTree = "<group>"; };
/* End PBXFileReference section */

/* Begin PBXFrameworksBuildPhase section */
		355538C52AFE3C3500E29111 /* Frameworks */ = {
			isa = PBXFrameworksBuildPhase;
			buildActionMask = 2147483647;
			files = (
			);
			runOnlyForDeploymentPostprocessing = 0;
		};
/* End PBXFrameworksBuildPhase section */

/* Begin PBXGroup section */
		355538BF2AFE3C3500E29111 = {
			isa = PBXGroup;
			children = (
				575B74E52AFEA96F0089493B /* SceneKit Asset Catalog.scnassets */,
				355538CA2AFE3C3500E29111 /* MSG */,
				355538C92AFE3C3500E29111 /* Products */,
			);
			sourceTree = "<group>";
		};
		355538C92AFE3C3500E29111 /* Products */ = {
			isa = PBXGroup;
			children = (
				355538C82AFE3C3500E29111 /* MSG.app */,
			);
			name = Products;
			sourceTree = "<group>";
		};
		355538CA2AFE3C3500E29111 /* MSG */ = {
			isa = PBXGroup;
			children = (
				3598B0472AFFBD8A0014F9CE /* EducationVideoView.swift */,
				358C650C2AFFC53C00A8166A /* Boxing */,
				3598B03C2AFFBB6E0014F9CE /* Jump */,
				3598B03B2AFFBB680014F9CE /* Squat */,
				3598B0372AFFA2850014F9CE /* ding.mp3 */,
				351050042AFFA0CC00ED0DEC /* asking_help_jog.mp4 */,
				35508FDC2AFF7D73007AB40F /* call_from_jog.mp4 */,
				3598B03D2AFFBCF00014F9CE /* challenge_complete.mp3 */,
				3598B0402AFFBD540014F9CE /* education_1.mp4 */,
				3598B0412AFFBD540014F9CE /* education_2.mp4 */,
				3598B03F2AFFBD540014F9CE /* education_3.mp4 */,
				3598B0422AFFBD540014F9CE /* safety.mp4 */,
				358C650E2AFFD09B00A8166A /* tutorial_1.mp4 */,
				358C650F2AFFD09B00A8166A /* tutorial_2.mp4 */,
				358C650D2AFFD09B00A8166A /* tutorial_3.mp4 */,
				355538CF2AFE3C3600E29111 /* Assets.xcassets */,
				35B52A0B2AFF596B00FA41D8 /* Model */,
				35B52A082AFF4FF600FA41D8 /* Nodes */,
				355538CB2AFE3C3500E29111 /* MSGApp.swift */,
				35B52A0C2AFF5A4600FA41D8 /* CallingView.swift */,
				351050062AFFA0EC00ED0DEC /* AskingHelpView.swift */,
				573AD3CF2AFEBF5500FA3D5C /* ChooseYourCharacterView.swift */,
				573AD3C72AFEB99200FA3D5C /* MainView.swift */,
				573AD3C12AFEB4B500FA3D5C /* ChallengeListView.swift */,
				573AD3C32AFEB79300FA3D5C /* ShopView.swift */,
				573AD3C52AFEB96200FA3D5C /* HomeView.swift */,
				573AD3C92AFEB9D700FA3D5C /* CharacterView.swift */,
				57E0C5E72AFEE873000A6CFC /* EducationalView.swift */,
				35B52A092AFF503400FA41D8 /* CommunityView.swift */,
				3598B0392AFFA9540014F9CE /* LoadingView.swift */,
			);
			path = MSG;
			sourceTree = "<group>";
		};
		358C650C2AFFC53C00A8166A /* Boxing */ = {
			isa = PBXGroup;
			children = (
				358C65152AFFD68F00A8166A /* BoxingView.swift */,
				358C65192AFFD6DD00A8166A /* WaterContainer.swift */,
			);
			path = Boxing;
			sourceTree = "<group>";
		};
		3598B03B2AFFBB680014F9CE /* Squat */ = {
			isa = PBXGroup;
			children = (
				355538CD2AFE3C3500E29111 /* SquatView.swift */,
				355538D92AFE43F800E29111 /* MilkContainer.swift */,
			);
			path = Squat;
			sourceTree = "<group>";
		};
		3598B03C2AFFBB6E0014F9CE /* Jump */ = {
			isa = PBXGroup;
			children = (
				358C65132AFFD61D00A8166A /* JumpView.swift */,
				358C65172AFFD6BA00A8166A /* FruitContainer.swift */,
			);
			path = Jump;
			sourceTree = "<group>";
		};
		35B52A082AFF4FF600FA41D8 /* Nodes */ = {
			isa = PBXGroup;
			children = (
				096743612AFED9C400F370B3 /* AppleNode.swift */,
				096743632AFED9C400F370B3 /* BananaNode.swift */,
				096743602AFED9C400F370B3 /* CowNode.swift */,
				0967435E2AFED9C400F370B3 /* DropNode.swift */,
				096743622AFED9C400F370B3 /* MilkNode.swift */,
				0967435D2AFED9C400F370B3 /* OrangeNode.swift */,
				0967436B2AFEDD4800F370B3 /* BearNode.swift */,
				0967436C2AFEDD4800F370B3 /* ChickenNode.swift */,
			);
			path = Nodes;
			sourceTree = "<group>";
		};
		35B52A0B2AFF596B00FA41D8 /* Model */ = {
			isa = PBXGroup;
			children = (
				57E0C5E52AFEE6F6000A6CFC /* EducationDialogItem.swift */,
			);
			path = Model;
			sourceTree = "<group>";
		};
/* End PBXGroup section */

/* Begin PBXNativeTarget section */
		355538C72AFE3C3500E29111 /* MSG */ = {
			isa = PBXNativeTarget;
			buildConfigurationList = 355538D62AFE3C3600E29111 /* Build configuration list for PBXNativeTarget "MSG" */;
			buildPhases = (
				355538C42AFE3C3500E29111 /* Sources */,
				355538C52AFE3C3500E29111 /* Frameworks */,
				355538C62AFE3C3500E29111 /* Resources */,
			);
			buildRules = (
			);
			dependencies = (
			);
			name = MSG;
			packageProductDependencies = (
			);
			productName = MSG;
			productReference = 355538C82AFE3C3500E29111 /* MSG.app */;
			productType = "com.apple.product-type.application";
		};
/* End PBXNativeTarget section */

/* Begin PBXProject section */
		355538C02AFE3C3500E29111 /* Project object */ = {
			isa = PBXProject;
			attributes = {
				BuildIndependentTargetsInParallel = 1;
				LastSwiftUpdateCheck = 1500;
				LastUpgradeCheck = 1500;
				TargetAttributes = {
					355538C72AFE3C3500E29111 = {
						CreatedOnToolsVersion = 15.0.1;
					};
				};
			};
			buildConfigurationList = 355538C32AFE3C3500E29111 /* Build configuration list for PBXProject "MSG" */;
			compatibilityVersion = "Xcode 14.0";
			developmentRegion = en;
			hasScannedForEncodings = 0;
			knownRegions = (
				en,
				Base,
			);
			mainGroup = 355538BF2AFE3C3500E29111;
			packageReferences = (
			);
			productRefGroup = 355538C92AFE3C3500E29111 /* Products */;
			projectDirPath = "";
			projectRoot = "";
			targets = (
				355538C72AFE3C3500E29111 /* MSG */,
			);
		};
/* End PBXProject section */

/* Begin PBXResourcesBuildPhase section */
		355538C62AFE3C3500E29111 /* Resources */ = {
			isa = PBXResourcesBuildPhase;
			buildActionMask = 2147483647;
			files = (
				358C65102AFFD09B00A8166A /* tutorial_3.mp4 in Resources */,
				358C65112AFFD09B00A8166A /* tutorial_1.mp4 in Resources */,
				3598B0452AFFBD540014F9CE /* education_2.mp4 in Resources */,
				3598B0432AFFBD540014F9CE /* education_3.mp4 in Resources */,
				575B74E62AFEA96F0089493B /* SceneKit Asset Catalog.scnassets in Resources */,
				3598B0442AFFBD540014F9CE /* education_1.mp4 in Resources */,
				3598B03E2AFFBCF00014F9CE /* challenge_complete.mp3 in Resources */,
				3598B0462AFFBD540014F9CE /* safety.mp4 in Resources */,
				35508FDD2AFF7D73007AB40F /* call_from_jog.mp4 in Resources */,
				358C65122AFFD09B00A8166A /* tutorial_2.mp4 in Resources */,
				351050052AFFA0CC00ED0DEC /* asking_help_jog.mp4 in Resources */,
				3598B0382AFFA2850014F9CE /* ding.mp3 in Resources */,
				355538D02AFE3C3600E29111 /* Assets.xcassets in Resources */,
			);
			runOnlyForDeploymentPostprocessing = 0;
		};
/* End PBXResourcesBuildPhase section */

/* Begin PBXSourcesBuildPhase section */
		355538C42AFE3C3500E29111 /* Sources */ = {
			isa = PBXSourcesBuildPhase;
			buildActionMask = 2147483647;
			files = (
				573AD3D02AFEBF5500FA3D5C /* ChooseYourCharacterView.swift in Sources */,
				573AD3C42AFEB79300FA3D5C /* ShopView.swift in Sources */,
				573AD3C82AFEB99200FA3D5C /* MainView.swift in Sources */,
				573AD3C62AFEB96200FA3D5C /* HomeView.swift in Sources */,
				573AD3C22AFEB4B500FA3D5C /* ChallengeListView.swift in Sources */,
				358C651A2AFFD6DD00A8166A /* WaterContainer.swift in Sources */,
				355538CE2AFE3C3500E29111 /* SquatView.swift in Sources */,
				096743642AFED9C400F370B3 /* OrangeNode.swift in Sources */,
				358C65162AFFD68F00A8166A /* BoxingView.swift in Sources */,
				355538CC2AFE3C3500E29111 /* MSGApp.swift in Sources */,
				0967436D2AFEDD4800F370B3 /* BearNode.swift in Sources */,
				096743652AFED9C400F370B3 /* DropNode.swift in Sources */,
				096743692AFED9C400F370B3 /* MilkNode.swift in Sources */,
				573AD3CA2AFEB9D700FA3D5C /* CharacterView.swift in Sources */,
				358C65182AFFD6BA00A8166A /* FruitContainer.swift in Sources */,
				355538DA2AFE43F800E29111 /* MilkContainer.swift in Sources */,
				57E0C5E62AFEE6F6000A6CFC /* EducationDialogItem.swift in Sources */,
				358C65142AFFD61D00A8166A /* JumpView.swift in Sources */,
				351050072AFFA0EC00ED0DEC /* AskingHelpView.swift in Sources */,
				096743682AFED9C400F370B3 /* AppleNode.swift in Sources */,
				35B52A0D2AFF5A4600FA41D8 /* CallingView.swift in Sources */,
				3598B0482AFFBD8A0014F9CE /* EducationVideoView.swift in Sources */,
				096743672AFED9C400F370B3 /* CowNode.swift in Sources */,
				57E0C5E82AFEE873000A6CFC /* EducationalView.swift in Sources */,
				0967436E2AFEDD4800F370B3 /* ChickenNode.swift in Sources */,
				35B52A0A2AFF503400FA41D8 /* CommunityView.swift in Sources */,
				0967436A2AFED9C400F370B3 /* BananaNode.swift in Sources */,
				3598B03A2AFFA9540014F9CE /* LoadingView.swift in Sources */,
			);
			runOnlyForDeploymentPostprocessing = 0;
		};
/* End PBXSourcesBuildPhase section */

/* Begin XCBuildConfiguration section */
		355538D42AFE3C3600E29111 /* Debug */ = {
			isa = XCBuildConfiguration;
			buildSettings = {
				ALWAYS_SEARCH_USER_PATHS = NO;
				ASSETCATALOG_COMPILER_GENERATE_SWIFT_ASSET_SYMBOL_EXTENSIONS = YES;
				CLANG_ANALYZER_NONNULL = YES;
				CLANG_ANALYZER_NUMBER_OBJECT_CONVERSION = YES_AGGRESSIVE;
				CLANG_CXX_LANGUAGE_STANDARD = "gnu++20";
				CLANG_ENABLE_MODULES = YES;
				CLANG_ENABLE_OBJC_ARC = YES;
				CLANG_ENABLE_OBJC_WEAK = YES;
				CLANG_WARN_BLOCK_CAPTURE_AUTORELEASING = YES;
				CLANG_WARN_BOOL_CONVERSION = YES;
				CLANG_WARN_COMMA = YES;
				CLANG_WARN_CONSTANT_CONVERSION = YES;
				CLANG_WARN_DEPRECATED_OBJC_IMPLEMENTATIONS = YES;
				CLANG_WARN_DIRECT_OBJC_ISA_USAGE = YES_ERROR;
				CLANG_WARN_DOCUMENTATION_COMMENTS = YES;
				CLANG_WARN_EMPTY_BODY = YES;
				CLANG_WARN_ENUM_CONVERSION = YES;
				CLANG_WARN_INFINITE_RECURSION = YES;
				CLANG_WARN_INT_CONVERSION = YES;
				CLANG_WARN_NON_LITERAL_NULL_CONVERSION = YES;
				CLANG_WARN_OBJC_IMPLICIT_RETAIN_SELF = YES;
				CLANG_WARN_OBJC_LITERAL_CONVERSION = YES;
				CLANG_WARN_OBJC_ROOT_CLASS = YES_ERROR;
				CLANG_WARN_QUOTED_INCLUDE_IN_FRAMEWORK_HEADER = YES;
				CLANG_WARN_RANGE_LOOP_ANALYSIS = YES;
				CLANG_WARN_STRICT_PROTOTYPES = YES;
				CLANG_WARN_SUSPICIOUS_MOVE = YES;
				CLANG_WARN_UNGUARDED_AVAILABILITY = YES_AGGRESSIVE;
				CLANG_WARN_UNREACHABLE_CODE = YES;
				CLANG_WARN__DUPLICATE_METHOD_MATCH = YES;
				COPY_PHASE_STRIP = NO;
				DEBUG_INFORMATION_FORMAT = dwarf;
				ENABLE_STRICT_OBJC_MSGSEND = YES;
				ENABLE_TESTABILITY = YES;
				ENABLE_USER_SCRIPT_SANDBOXING = YES;
				GCC_C_LANGUAGE_STANDARD = gnu17;
				GCC_DYNAMIC_NO_PIC = NO;
				GCC_NO_COMMON_BLOCKS = YES;
				GCC_OPTIMIZATION_LEVEL = 0;
				GCC_PREPROCESSOR_DEFINITIONS = (
					"DEBUG=1",
					"$(inherited)",
				);
				GCC_WARN_64_TO_32_BIT_CONVERSION = YES;
				GCC_WARN_ABOUT_RETURN_TYPE = YES_ERROR;
				GCC_WARN_UNDECLARED_SELECTOR = YES;
				GCC_WARN_UNINITIALIZED_AUTOS = YES_AGGRESSIVE;
				GCC_WARN_UNUSED_FUNCTION = YES;
				GCC_WARN_UNUSED_VARIABLE = YES;
				IPHONEOS_DEPLOYMENT_TARGET = 17.0;
				LOCALIZATION_PREFERS_STRING_CATALOGS = YES;
				MTL_ENABLE_DEBUG_INFO = INCLUDE_SOURCE;
				MTL_FAST_MATH = YES;
				ONLY_ACTIVE_ARCH = YES;
				SDKROOT = iphoneos;
				SWIFT_ACTIVE_COMPILATION_CONDITIONS = "DEBUG $(inherited)";
				SWIFT_OPTIMIZATION_LEVEL = "-Onone";
			};
			name = Debug;
		};
		355538D52AFE3C3600E29111 /* Release */ = {
			isa = XCBuildConfiguration;
			buildSettings = {
				ALWAYS_SEARCH_USER_PATHS = NO;
				ASSETCATALOG_COMPILER_GENERATE_SWIFT_ASSET_SYMBOL_EXTENSIONS = YES;
				CLANG_ANALYZER_NONNULL = YES;
				CLANG_ANALYZER_NUMBER_OBJECT_CONVERSION = YES_AGGRESSIVE;
				CLANG_CXX_LANGUAGE_STANDARD = "gnu++20";
				CLANG_ENABLE_MODULES = YES;
				CLANG_ENABLE_OBJC_ARC = YES;
				CLANG_ENABLE_OBJC_WEAK = YES;
				CLANG_WARN_BLOCK_CAPTURE_AUTORELEASING = YES;
				CLANG_WARN_BOOL_CONVERSION = YES;
				CLANG_WARN_COMMA = YES;
				CLANG_WARN_CONSTANT_CONVERSION = YES;
				CLANG_WARN_DEPRECATED_OBJC_IMPLEMENTATIONS = YES;
				CLANG_WARN_DIRECT_OBJC_ISA_USAGE = YES_ERROR;
				CLANG_WARN_DOCUMENTATION_COMMENTS = YES;
				CLANG_WARN_EMPTY_BODY = YES;
				CLANG_WARN_ENUM_CONVERSION = YES;
				CLANG_WARN_INFINITE_RECURSION = YES;
				CLANG_WARN_INT_CONVERSION = YES;
				CLANG_WARN_NON_LITERAL_NULL_CONVERSION = YES;
				CLANG_WARN_OBJC_IMPLICIT_RETAIN_SELF = YES;
				CLANG_WARN_OBJC_LITERAL_CONVERSION = YES;
				CLANG_WARN_OBJC_ROOT_CLASS = YES_ERROR;
				CLANG_WARN_QUOTED_INCLUDE_IN_FRAMEWORK_HEADER = YES;
				CLANG_WARN_RANGE_LOOP_ANALYSIS = YES;
				CLANG_WARN_STRICT_PROTOTYPES = YES;
				CLANG_WARN_SUSPICIOUS_MOVE = YES;
				CLANG_WARN_UNGUARDED_AVAILABILITY = YES_AGGRESSIVE;
				CLANG_WARN_UNREACHABLE_CODE = YES;
				CLANG_WARN__DUPLICATE_METHOD_MATCH = YES;
				COPY_PHASE_STRIP = NO;
				DEBUG_INFORMATION_FORMAT = "dwarf-with-dsym";
				ENABLE_NS_ASSERTIONS = NO;
				ENABLE_STRICT_OBJC_MSGSEND = YES;
				ENABLE_USER_SCRIPT_SANDBOXING = YES;
				GCC_C_LANGUAGE_STANDARD = gnu17;
				GCC_NO_COMMON_BLOCKS = YES;
				GCC_WARN_64_TO_32_BIT_CONVERSION = YES;
				GCC_WARN_ABOUT_RETURN_TYPE = YES_ERROR;
				GCC_WARN_UNDECLARED_SELECTOR = YES;
				GCC_WARN_UNINITIALIZED_AUTOS = YES_AGGRESSIVE;
				GCC_WARN_UNUSED_FUNCTION = YES;
				GCC_WARN_UNUSED_VARIABLE = YES;
				IPHONEOS_DEPLOYMENT_TARGET = 17.0;
				LOCALIZATION_PREFERS_STRING_CATALOGS = YES;
				MTL_ENABLE_DEBUG_INFO = NO;
				MTL_FAST_MATH = YES;
				SDKROOT = iphoneos;
				SWIFT_COMPILATION_MODE = wholemodule;
				VALIDATE_PRODUCT = YES;
			};
			name = Release;
		};
		355538D72AFE3C3600E29111 /* Debug */ = {
			isa = XCBuildConfiguration;
			buildSettings = {
				ASSETCATALOG_COMPILER_APPICON_NAME = AppIcon;
				ASSETCATALOG_COMPILER_GLOBAL_ACCENT_COLOR_NAME = AccentColor;
				CODE_SIGN_STYLE = Automatic;
				CURRENT_PROJECT_VERSION = 1;
				DEVELOPMENT_ASSET_PATHS = "";
				DEVELOPMENT_TEAM = E82Z46N6KL;
				ENABLE_PREVIEWS = YES;
				GENERATE_INFOPLIST_FILE = YES;
				INFOPLIST_KEY_NSCameraUsageDescription = MSG;
				INFOPLIST_KEY_UIApplicationSceneManifest_Generation = YES;
				INFOPLIST_KEY_UIApplicationSupportsIndirectInputEvents = YES;
				INFOPLIST_KEY_UILaunchScreen_Generation = YES;
				INFOPLIST_KEY_UISupportedInterfaceOrientations_iPad = "UIInterfaceOrientationPortrait UIInterfaceOrientationPortraitUpsideDown UIInterfaceOrientationLandscapeLeft UIInterfaceOrientationLandscapeRight";
				INFOPLIST_KEY_UISupportedInterfaceOrientations_iPhone = "UIInterfaceOrientationPortrait UIInterfaceOrientationLandscapeLeft UIInterfaceOrientationLandscapeRight";
				LD_RUNPATH_SEARCH_PATHS = (
					"$(inherited)",
					"@executable_path/Frameworks",
				);
				MARKETING_VERSION = 1.0;
				PRODUCT_BUNDLE_IDENTIFIER = com.letrongtriet.MSG;
				PRODUCT_NAME = "$(TARGET_NAME)";
				SWIFT_EMIT_LOC_STRINGS = YES;
				SWIFT_VERSION = 5.0;
				TARGETED_DEVICE_FAMILY = "1,2";
			};
			name = Debug;
		};
		355538D82AFE3C3600E29111 /* Release */ = {
			isa = XCBuildConfiguration;
			buildSettings = {
				ASSETCATALOG_COMPILER_APPICON_NAME = AppIcon;
				ASSETCATALOG_COMPILER_GLOBAL_ACCENT_COLOR_NAME = AccentColor;
				CODE_SIGN_STYLE = Automatic;
				CURRENT_PROJECT_VERSION = 1;
				DEVELOPMENT_ASSET_PATHS = "";
				DEVELOPMENT_TEAM = E82Z46N6KL;
				ENABLE_PREVIEWS = YES;
				GENERATE_INFOPLIST_FILE = YES;
				INFOPLIST_KEY_NSCameraUsageDescription = MSG;
				INFOPLIST_KEY_UIApplicationSceneManifest_Generation = YES;
				INFOPLIST_KEY_UIApplicationSupportsIndirectInputEvents = YES;
				INFOPLIST_KEY_UILaunchScreen_Generation = YES;
				INFOPLIST_KEY_UISupportedInterfaceOrientations_iPad = "UIInterfaceOrientationPortrait UIInterfaceOrientationPortraitUpsideDown UIInterfaceOrientationLandscapeLeft UIInterfaceOrientationLandscapeRight";
				INFOPLIST_KEY_UISupportedInterfaceOrientations_iPhone = "UIInterfaceOrientationPortrait UIInterfaceOrientationLandscapeLeft UIInterfaceOrientationLandscapeRight";
				LD_RUNPATH_SEARCH_PATHS = (
					"$(inherited)",
					"@executable_path/Frameworks",
				);
				MARKETING_VERSION = 1.0;
				PRODUCT_BUNDLE_IDENTIFIER = com.letrongtriet.MSG;
				PRODUCT_NAME = "$(TARGET_NAME)";
				SWIFT_EMIT_LOC_STRINGS = YES;
				SWIFT_VERSION = 5.0;
				TARGETED_DEVICE_FAMILY = "1,2";
			};
			name = Release;
		};
/* End XCBuildConfiguration section */

/* Begin XCConfigurationList section */
		355538C32AFE3C3500E29111 /* Build configuration list for PBXProject "MSG" */ = {
			isa = XCConfigurationList;
			buildConfigurations = (
				355538D42AFE3C3600E29111 /* Debug */,
				355538D52AFE3C3600E29111 /* Release */,
			);
			defaultConfigurationIsVisible = 0;
			defaultConfigurationName = Release;
		};
		355538D62AFE3C3600E29111 /* Build configuration list for PBXNativeTarget "MSG" */ = {
			isa = XCConfigurationList;
			buildConfigurations = (
				355538D72AFE3C3600E29111 /* Debug */,
				355538D82AFE3C3600E29111 /* Release */,
			);
			defaultConfigurationIsVisible = 0;
			defaultConfigurationName = Release;
		};
/* End XCConfigurationList section */
	};
	rootObject = 355538C02AFE3C3500E29111 /* Project object */;
}
